dependencies:
- name: certbot
  repository: https://bcdevops.github.io/certbot
  version: 0.1.1
- name: crunchy-postgres
  repository: https://bcgov.github.io/crunchy-postgres/
  version: 0.4.0
digest: sha256:c85b1dd14085b76783303e9ee6bcaf4486a67288438eead560712705e6584842
generated: "2023-05-16T11:27:48.252903-07:00"
